{
  "name": "Full-Stack-Expo-App-Repo",
  "lockfileVersion": 3,
  "requires": true,
  "packages": {
    "": {
      "dependencies": {
        "@react-native-async-storage/async-storage": "^2.1.2",
        "expo-linear-gradient": "^14.1.5",
        "react-icons": "^5.5.0"
      },
      "devDependencies": {
        "@types/react": "~19.0.10",
        "typescript": "~5.8.3"
      }
    },
    "node_modules/@react-native-async-storage/async-storage": {
      "version": "2.2.0",
      "resolved": "https://registry.npmjs.org/@react-native-async-storage/async-storage/-/async-storage-2.2.0.tgz",
      "integrity": "sha512-gvRvjR5JAaUZF8tv2Kcq/Gbt3JHwbKFYfmb445rhOj6NUMx3qPLixmDx5pZAyb9at1bYvJ4/eTUipU5aki45xw==",
      "license": "MIT",
      "dependencies": {
        "merge-options": "^3.0.4"
      },
      "peerDependencies": {
        "react-native": "^0.0.0-0 || >=0.65 <1.0"
      }
    },
    "node_modules/@types/react": {
      "version": "19.0.14",
      "resolved": "https://registry.npmjs.org/@types/react/-/react-19.0.14.tgz",
      "integrity": "sha512-ixLZ7zG7j1fM0DijL9hDArwhwcCb4vqmePgwtV0GfnkHRSCUEv4LvzarcTdhoqgyMznUx/EhoTUv31CKZzkQlw==",
      "dev": true,
      "license": "MIT",
      "dependencies": {
        "csstype": "^3.0.2"
      }
    },
    "node_modules/csstype": {
      "version": "3.1.3",
      "resolved": "https://registry.npmjs.org/csstype/-/csstype-3.1.3.tgz",
      "integrity": "sha512-M1uQkMl8rQK/szD0LNhtqxIPLpimGm8sOBwU7lLnCpSbTyY3yeU1Vc7l4KT5zT4s/yOxHH5O7tIuuLOCnLADRw==",
      "dev": true,
      "license": "MIT"
    },
    "node_modules/expo-linear-gradient": {
      "version": "14.1.5",
      "resolved": "https://registry.npmjs.org/expo-linear-gradient/-/expo-linear-gradient-14.1.5.tgz",
      "integrity": "sha512-BSN3MkSGLZoHMduEnAgfhoj3xqcDWaoICgIr4cIYEx1GcHfKMhzA/O4mpZJ/WC27BP1rnAqoKfbclk1eA70ndQ==",
      "license": "MIT",
      "peerDependencies": {
        "expo": "*",
        "react": "*",
        "react-native": "*"
      }
    },
    "node_modules/is-plain-obj": {
      "version": "2.1.0",
      "resolved": "https://registry.npmjs.org/is-plain-obj/-/is-plain-obj-2.1.0.tgz",
      "integrity": "sha512-YWnfyRwxL/+SsrWYfOpUtz5b3YD+nyfkHvjbcanzk8zgyO4ASD67uVMRt8k5bM4lLMDnXfriRhOpemw+NfT1eA==",
      "license": "MIT",
      "engines": {
        "node": ">=8"
      }
    },
    "node_modules/merge-options": {
      "version": "3.0.4",
      "resolved": "https://registry.npmjs.org/merge-options/-/merge-options-3.0.4.tgz",
      "integrity": "sha512-2Sug1+knBjkaMsMgf1ctR1Ujx+Ayku4EdJN4Z+C2+JzoeF7A3OZ9KM2GY0CpQS51NR61LTurMJrRKPhSs3ZRTQ==",
      "license": "MIT",
      "dependencies": {
        "is-plain-obj": "^2.1.0"
      },
      "engines": {
        "node": ">=10"
      }
    },
    "node_modules/react-icons": {
      "version": "5.5.0",
      "resolved": "https://registry.npmjs.org/react-icons/-/react-icons-5.5.0.tgz",
      "integrity": "sha512-MEFcXdkP3dLo8uumGI5xN3lDFNsRtrjbOEKDLD7yv76v4wpnEq2Lt2qeHaQOr34I/wPN3s3+N08WkQ+CW37Xiw==",
      "license": "MIT",
      "peerDependencies": {
        "react": "*"
      }
    },
    "node_modules/typescript": {
      "version": "5.8.3",
      "resolved": "https://registry.npmjs.org/typescript/-/typescript-5.8.3.tgz",
      "integrity": "sha512-p1diW6TqL9L07nNxvRMM7hMMw4c5XOo/1ibL4aAIGmSAt9slTE1Xgw5KWuof2uTOvCg9BY7ZRi+GaF+7sfgPeQ==",
      "dev": true,
      "license": "Apache-2.0",
      "bin": {
        "tsc": "bin/tsc",
        "tsserver": "bin/tsserver"
      },
      "engines": {
        "node": ">=14.17"
      }
    }
  }
}
